
Microsoft Visual Studio Solution File, Format Version 12.00
# Visual Studio 15
VisualStudioVersion = 15.0.27130.2036
MinimumVisualStudioVersion = 10.0.40219.1
Project("{FAE04EC0-301F-11D3-BF4B-00C04F79EFBC}") = "hackathon2.Android", "hackathon2\hackathon2.Android\hackathon2.Android.csproj", "{EDBACAB9-F65A-4FDC-9C5B-A691097FEA07}"
EndProject
Project("{FAE04EC0-301F-11D3-BF4B-00C04F79EFBC}") = "hackathon2.iOS", "hackathon2\hackathon2.iOS\hackathon2.iOS.csproj", "{71D78275-CDF4-4C5D-A452-03C3A253AEF0}"
EndProject
Project("{FAE04EC0-301F-11D3-BF4B-00C04F79EFBC}") = "hackathon2.UWP", "hackathon2\hackathon2.UWP\hackathon2.UWP.csproj", "{E93D5092-5501-4215-9F75-35042D7C3E6E}"
EndProject
Project("{FAE04EC0-301F-11D3-BF4B-00C04F79EFBC}") = "hackathon2", "hackathon2\hackathon2\hackathon2.csproj", "{D053DB74-CE39-472C-9F9D-6B8EB06B0939}"
EndProject
Global
	GlobalSection(SolutionConfigurationPlatforms) = preSolution
		Ad-Hoc|Any CPU = Ad-Hoc|Any CPU
		Ad-Hoc|ARM = Ad-Hoc|ARM
		Ad-Hoc|iPhone = Ad-Hoc|iPhone
		Ad-Hoc|iPhoneSimulator = Ad-Hoc|iPhoneSimulator
		Ad-Hoc|x64 = Ad-Hoc|x64
		Ad-Hoc|x86 = Ad-Hoc|x86
		AppStore|Any CPU = AppStore|Any CPU
		AppStore|ARM = AppStore|ARM
		AppStore|iPhone = AppStore|iPhone
		AppStore|iPhoneSimulator = AppStore|iPhoneSimulator
		AppStore|x64 = AppStore|x64
		AppStore|x86 = AppStore|x86
		Debug|Any CPU = Debug|Any CPU
		Debug|ARM = Debug|ARM
		Debug|iPhone = Debug|iPhone
		Debug|iPhoneSimulator = Debug|iPhoneSimulator
		Debug|x64 = Debug|x64
		Debug|x86 = Debug|x86
		Release|Any CPU = Release|Any CPU
		Release|ARM = Release|ARM
		Release|iPhone = Release|iPhone
		Release|iPhoneSimulator = Release|iPhoneSimulator
		Release|x64 = Release|x64
		Release|x86 = Release|x86
	EndGlobalSection
	GlobalSection(ProjectConfigurationPlatforms) = postSolution
		{EDBACAB9-F65A-4FDC-9C5B-A691097FEA07}.Ad-Hoc|Any CPU.ActiveCfg = Release|Any CPU
		{EDBACAB9-F65A-4FDC-9C5B-A691097FEA07}.Ad-Hoc|Any CPU.Build.0 = Release|Any CPU
		{EDBACAB9-F65A-4FDC-9C5B-A691097FEA07}.Ad-Hoc|Any CPU.Deploy.0 = Release|Any CPU
		{EDBACAB9-F65A-4FDC-9C5B-A691097FEA07}.Ad-Hoc|ARM.ActiveCfg = Release|Any CPU
		{EDBACAB9-F65A-4FDC-9C5B-A691097FEA07}.Ad-Hoc|ARM.Build.0 = Release|Any CPU
		{EDBACAB9-F65A-4FDC-9C5B-A691097FEA07}.Ad-Hoc|ARM.Deploy.0 = Release|Any CPU
		{EDBACAB9-F65A-4FDC-9C5B-A691097FEA07}.Ad-Hoc|iPhone.ActiveCfg = Release|Any CPU
		{EDBACAB9-F65A-4FDC-9C5B-A691097FEA07}.Ad-Hoc|iPhone.Build.0 = Release|Any CPU
		{EDBACAB9-F65A-4FDC-9C5B-A691097FEA07}.Ad-Hoc|iPhone.Deploy.0 = Release|Any CPU
		{EDBACAB9-F65A-4FDC-9C5B-A691097FEA07}.Ad-Hoc|iPhoneSimulator.ActiveCfg = Release|Any CPU
		{EDBACAB9-F65A-4FDC-9C5B-A691097FEA07}.Ad-Hoc|iPhoneSimulator.Build.0 = Release|Any CPU
		{EDBACAB9-F65A-4FDC-9C5B-A691097FEA07}.Ad-Hoc|iPhoneSimulator.Deploy.0 = Release|Any CPU
		{EDBACAB9-F65A-4FDC-9C5B-A691097FEA07}.Ad-Hoc|x64.ActiveCfg = Release|Any CPU
		{EDBACAB9-F65A-4FDC-9C5B-A691097FEA07}.Ad-Hoc|x64.Build.0 = Release|Any CPU
		{EDBACAB9-F65A-4FDC-9C5B-A691097FEA07}.Ad-Hoc|x64.Deploy.0 = Release|Any CPU
		{EDBACAB9-F65A-4FDC-9C5B-A691097FEA07}.Ad-Hoc|x86.ActiveCfg = Release|Any CPU
		{EDBACAB9-F65A-4FDC-9C5B-A691097FEA07}.Ad-Hoc|x86.Build.0 = Release|Any CPU
		{EDBACAB9-F65A-4FDC-9C5B-A691097FEA07}.Ad-Hoc|x86.Deploy.0 = Release|Any CPU
		{EDBACAB9-F65A-4FDC-9C5B-A691097FEA07}.AppStore|Any CPU.ActiveCfg = Release|Any CPU
		{EDBACAB9-F65A-4FDC-9C5B-A691097FEA07}.AppStore|Any CPU.Build.0 = Release|Any CPU
		{EDBACAB9-F65A-4FDC-9C5B-A691097FEA07}.AppStore|Any CPU.Deploy.0 = Release|Any CPU
		{EDBACAB9-F65A-4FDC-9C5B-A691097FEA07}.AppStore|ARM.ActiveCfg = Release|Any CPU
		{EDBACAB9-F65A-4FDC-9C5B-A691097FEA07}.AppStore|ARM.Build.0 = Release|Any CPU
		{EDBACAB9-F65A-4FDC-9C5B-A691097FEA07}.AppStore|ARM.Deploy.0 = Release|Any CPU
		{EDBACAB9-F65A-4FDC-9C5B-A691097FEA07}.AppStore|iPhone.ActiveCfg = Release|Any CPU
		{EDBACAB9-F65A-4FDC-9C5B-A691097FEA07}.AppStore|iPhone.Build.0 = Release|Any CPU
		{EDBACAB9-F65A-4FDC-9C5B-A691097FEA07}.AppStore|iPhone.Deploy.0 = Release|Any CPU
		{EDBACAB9-F65A-4FDC-9C5B-A691097FEA07}.AppStore|iPhoneSimulator.ActiveCfg = Release|Any CPU
		{EDBACAB9-F65A-4FDC-9C5B-A691097FEA07}.AppStore|iPhoneSimulator.Build.0 = Release|Any CPU
		{EDBACAB9-F65A-4FDC-9C5B-A691097FEA07}.AppStore|iPhoneSimulator.Deploy.0 = Release|Any CPU
		{EDBACAB9-F65A-4FDC-9C5B-A691097FEA07}.AppStore|x64.ActiveCfg = Release|Any CPU
		{EDBACAB9-F65A-4FDC-9C5B-A691097FEA07}.AppStore|x64.Build.0 = Release|Any CPU
		{EDBACAB9-F65A-4FDC-9C5B-A691097FEA07}.AppStore|x64.Deploy.0 = Release|Any CPU
		{EDBACAB9-F65A-4FDC-9C5B-A691097FEA07}.AppStore|x86.ActiveCfg = Release|Any CPU
		{EDBACAB9-F65A-4FDC-9C5B-A691097FEA07}.AppStore|x86.Build.0 = Release|Any CPU
		{EDBACAB9-F65A-4FDC-9C5B-A691097FEA07}.AppStore|x86.Deploy.0 = Release|Any CPU
		{EDBACAB9-F65A-4FDC-9C5B-A691097FEA07}.Debug|Any CPU.ActiveCfg = Debug|Any CPU
		{EDBACAB9-F65A-4FDC-9C5B-A691097FEA07}.Debug|Any CPU.Build.0 = Debug|Any CPU
		{EDBACAB9-F65A-4FDC-9C5B-A691097FEA07}.Debug|Any CPU.Deploy.0 = Debug|Any CPU
		{EDBACAB9-F65A-4FDC-9C5B-A691097FEA07}.Debug|ARM.ActiveCfg = Debug|Any CPU
		{EDBACAB9-F65A-4FDC-9C5B-A691097FEA07}.Debug|ARM.Build.0 = Debug|Any CPU
		{EDBACAB9-F65A-4FDC-9C5B-A691097FEA07}.Debug|ARM.Deploy.0 = Debug|Any CPU
		{EDBACAB9-F65A-4FDC-9C5B-A691097FEA07}.Debug|iPhone.ActiveCfg = Debug|Any CPU
		{EDBACAB9-F65A-4FDC-9C5B-A691097FEA07}.Debug|iPhone.Build.0 = Debug|Any CPU
		{EDBACAB9-F65A-4FDC-9C5B-A691097FEA07}.Debug|iPhone.Deploy.0 = Debug|Any CPU
		{EDBACAB9-F65A-4FDC-9C5B-A691097FEA07}.Debug|iPhoneSimulator.ActiveCfg = Debug|Any CPU
		{EDBACAB9-F65A-4FDC-9C5B-A691097FEA07}.Debug|iPhoneSimulator.Build.0 = Debug|Any CPU
		{EDBACAB9-F65A-4FDC-9C5B-A691097FEA07}.Debug|iPhoneSimulator.Deploy.0 = Debug|Any CPU
		{EDBACAB9-F65A-4FDC-9C5B-A691097FEA07}.Debug|x64.ActiveCfg = Debug|Any CPU
		{EDBACAB9-F65A-4FDC-9C5B-A691097FEA07}.Debug|x64.Build.0 = Debug|Any CPU
		{EDBACAB9-F65A-4FDC-9C5B-A691097FEA07}.Debug|x64.Deploy.0 = Debug|Any CPU
		{EDBACAB9-F65A-4FDC-9C5B-A691097FEA07}.Debug|x86.ActiveCfg = Debug|Any CPU
		{EDBACAB9-F65A-4FDC-9C5B-A691097FEA07}.Debug|x86.Build.0 = Debug|Any CPU
		{EDBACAB9-F65A-4FDC-9C5B-A691097FEA07}.Debug|x86.Deploy.0 = Debug|Any CPU
		{EDBACAB9-F65A-4FDC-9C5B-A691097FEA07}.Release|Any CPU.ActiveCfg = Release|Any CPU
		{EDBACAB9-F65A-4FDC-9C5B-A691097FEA07}.Release|Any CPU.Build.0 = Release|Any CPU
		{EDBACAB9-F65A-4FDC-9C5B-A691097FEA07}.Release|Any CPU.Deploy.0 = Release|Any CPU
		{EDBACAB9-F65A-4FDC-9C5B-A691097FEA07}.Release|ARM.ActiveCfg = Release|Any CPU
		{EDBACAB9-F65A-4FDC-9C5B-A691097FEA07}.Release|ARM.Build.0 = Release|Any CPU
		{EDBACAB9-F65A-4FDC-9C5B-A691097FEA07}.Release|ARM.Deploy.0 = Release|Any CPU
		{EDBACAB9-F65A-4FDC-9C5B-A691097FEA07}.Release|iPhone.ActiveCfg = Release|Any CPU
		{EDBACAB9-F65A-4FDC-9C5B-A691097FEA07}.Release|iPhone.Build.0 = Release|Any CPU
		{EDBACAB9-F65A-4FDC-9C5B-A691097FEA07}.Release|iPhone.Deploy.0 = Release|Any CPU
		{EDBACAB9-F65A-4FDC-9C5B-A691097FEA07}.Release|iPhoneSimulator.ActiveCfg = Release|Any CPU
		{EDBACAB9-F65A-4FDC-9C5B-A691097FEA07}.Release|iPhoneSimulator.Build.0 = Release|Any CPU
		{EDBACAB9-F65A-4FDC-9C5B-A691097FEA07}.Release|iPhoneSimulator.Deploy.0 = Release|Any CPU
		{EDBACAB9-F65A-4FDC-9C5B-A691097FEA07}.Release|x64.ActiveCfg = Release|Any CPU
		{EDBACAB9-F65A-4FDC-9C5B-A691097FEA07}.Release|x64.Build.0 = Release|Any CPU
		{EDBACAB9-F65A-4FDC-9C5B-A691097FEA07}.Release|x64.Deploy.0 = Release|Any CPU
		{EDBACAB9-F65A-4FDC-9C5B-A691097FEA07}.Release|x86.ActiveCfg = Release|Any CPU
		{EDBACAB9-F65A-4FDC-9C5B-A691097FEA07}.Release|x86.Build.0 = Release|Any CPU
		{EDBACAB9-F65A-4FDC-9C5B-A691097FEA07}.Release|x86.Deploy.0 = Release|Any CPU
		{71D78275-CDF4-4C5D-A452-03C3A253AEF0}.Ad-Hoc|Any CPU.ActiveCfg = Ad-Hoc|iPhone
		{71D78275-CDF4-4C5D-A452-03C3A253AEF0}.Ad-Hoc|ARM.ActiveCfg = Ad-Hoc|iPhone
		{71D78275-CDF4-4C5D-A452-03C3A253AEF0}.Ad-Hoc|iPhone.ActiveCfg = Ad-Hoc|iPhone
		{71D78275-CDF4-4C5D-A452-03C3A253AEF0}.Ad-Hoc|iPhone.Build.0 = Ad-Hoc|iPhone
		{71D78275-CDF4-4C5D-A452-03C3A253AEF0}.Ad-Hoc|iPhoneSimulator.ActiveCfg = Ad-Hoc|iPhoneSimulator
		{71D78275-CDF4-4C5D-A452-03C3A253AEF0}.Ad-Hoc|iPhoneSimulator.Build.0 = Ad-Hoc|iPhoneSimulator
		{71D78275-CDF4-4C5D-A452-03C3A253AEF0}.Ad-Hoc|x64.ActiveCfg = Ad-Hoc|iPhone
		{71D78275-CDF4-4C5D-A452-03C3A253AEF0}.Ad-Hoc|x86.ActiveCfg = Ad-Hoc|iPhone
		{71D78275-CDF4-4C5D-A452-03C3A253AEF0}.AppStore|Any CPU.ActiveCfg = AppStore|iPhone
		{71D78275-CDF4-4C5D-A452-03C3A253AEF0}.AppStore|ARM.ActiveCfg = AppStore|iPhone
		{71D78275-CDF4-4C5D-A452-03C3A253AEF0}.AppStore|iPhone.ActiveCfg = AppStore|iPhone
		{71D78275-CDF4-4C5D-A452-03C3A253AEF0}.AppStore|iPhone.Build.0 = AppStore|iPhone
		{71D78275-CDF4-4C5D-A452-03C3A253AEF0}.AppStore|iPhoneSimulator.ActiveCfg = AppStore|iPhoneSimulator
		{71D78275-CDF4-4C5D-A452-03C3A253AEF0}.AppStore|iPhoneSimulator.Build.0 = AppStore|iPhoneSimulator
		{71D78275-CDF4-4C5D-A452-03C3A253AEF0}.AppStore|x64.ActiveCfg = AppStore|iPhone
		{71D78275-CDF4-4C5D-A452-03C3A253AEF0}.AppStore|x86.ActiveCfg = AppStore|iPhone
		{71D78275-CDF4-4C5D-A452-03C3A253AEF0}.Debug|Any CPU.ActiveCfg = Debug|iPhone
		{71D78275-CDF4-4C5D-A452-03C3A253AEF0}.Debug|ARM.ActiveCfg = Debug|iPhone
		{71D78275-CDF4-4C5D-A452-03C3A253AEF0}.Debug|iPhone.ActiveCfg = Debug|iPhone
		{71D78275-CDF4-4C5D-A452-03C3A253AEF0}.Debug|iPhone.Build.0 = Debug|iPhone
		{71D78275-CDF4-4C5D-A452-03C3A253AEF0}.Debug|iPhoneSimulator.ActiveCfg = Debug|iPhoneSimulator
		{71D78275-CDF4-4C5D-A452-03C3A253AEF0}.Debug|iPhoneSimulator.Build.0 = Debug|iPhoneSimulator
		{71D78275-CDF4-4C5D-A452-03C3A253AEF0}.Debug|x64.ActiveCfg = Debug|iPhone
		{71D78275-CDF4-4C5D-A452-03C3A253AEF0}.Debug|x86.ActiveCfg = Debug|iPhone
		{71D78275-CDF4-4C5D-A452-03C3A253AEF0}.Release|Any CPU.ActiveCfg = Release|iPhone
		{71D78275-CDF4-4C5D-A452-03C3A253AEF0}.Release|ARM.ActiveCfg = Release|iPhone
		{71D78275-CDF4-4C5D-A452-03C3A253AEF0}.Release|iPhone.ActiveCfg = Release|iPhone
		{71D78275-CDF4-4C5D-A452-03C3A253AEF0}.Release|iPhone.Build.0 = Release|iPhone
		{71D78275-CDF4-4C5D-A452-03C3A253AEF0}.Release|iPhoneSimulator.ActiveCfg = Release|iPhoneSimulator
		{71D78275-CDF4-4C5D-A452-03C3A253AEF0}.Release|iPhoneSimulator.Build.0 = Release|iPhoneSimulator
		{71D78275-CDF4-4C5D-A452-03C3A253AEF0}.Release|x64.ActiveCfg = Release|iPhone
		{71D78275-CDF4-4C5D-A452-03C3A253AEF0}.Release|x86.ActiveCfg = Release|iPhone
		{E93D5092-5501-4215-9F75-35042D7C3E6E}.Ad-Hoc|Any CPU.ActiveCfg = Release|x86
		{E93D5092-5501-4215-9F75-35042D7C3E6E}.Ad-Hoc|Any CPU.Build.0 = Release|x86
		{E93D5092-5501-4215-9F75-35042D7C3E6E}.Ad-Hoc|Any CPU.Deploy.0 = Release|x86
		{E93D5092-5501-4215-9F75-35042D7C3E6E}.Ad-Hoc|ARM.ActiveCfg = Release|ARM
		{E93D5092-5501-4215-9F75-35042D7C3E6E}.Ad-Hoc|ARM.Build.0 = Release|ARM
		{E93D5092-5501-4215-9F75-35042D7C3E6E}.Ad-Hoc|ARM.Deploy.0 = Release|ARM
		{E93D5092-5501-4215-9F75-35042D7C3E6E}.Ad-Hoc|iPhone.ActiveCfg = Release|x86
		{E93D5092-5501-4215-9F75-35042D7C3E6E}.Ad-Hoc|iPhone.Build.0 = Release|x86
		{E93D5092-5501-4215-9F75-35042D7C3E6E}.Ad-Hoc|iPhone.Deploy.0 = Release|x86
		{E93D5092-5501-4215-9F75-35042D7C3E6E}.Ad-Hoc|iPhoneSimulator.ActiveCfg = Release|x86
		{E93D5092-5501-4215-9F75-35042D7C3E6E}.Ad-Hoc|iPhoneSimulator.Build.0 = Release|x86
		{E93D5092-5501-4215-9F75-35042D7C3E6E}.Ad-Hoc|iPhoneSimulator.Deploy.0 = Release|x86
		{E93D5092-5501-4215-9F75-35042D7C3E6E}.Ad-Hoc|x64.ActiveCfg = Release|x64
		{E93D5092-5501-4215-9F75-35042D7C3E6E}.Ad-Hoc|x64.Build.0 = Release|x64
		{E93D5092-5501-4215-9F75-35042D7C3E6E}.Ad-Hoc|x64.Deploy.0 = Release|x64
		{E93D5092-5501-4215-9F75-35042D7C3E6E}.Ad-Hoc|x86.ActiveCfg = Release|x86
		{E93D5092-5501-4215-9F75-35042D7C3E6E}.Ad-Hoc|x86.Build.0 = Release|x86
		{E93D5092-5501-4215-9F75-35042D7C3E6E}.Ad-Hoc|x86.Deploy.0 = Release|x86
		{E93D5092-5501-4215-9F75-35042D7C3E6E}.AppStore|Any CPU.ActiveCfg = Release|x86
		{E93D5092-5501-4215-9F75-35042D7C3E6E}.AppStore|Any CPU.Build.0 = Release|x86
		{E93D5092-5501-4215-9F75-35042D7C3E6E}.AppStore|Any CPU.Deploy.0 = Release|x86
		{E93D5092-5501-4215-9F75-35042D7C3E6E}.AppStore|ARM.ActiveCfg = Release|ARM
		{E93D5092-5501-4215-9F75-35042D7C3E6E}.AppStore|ARM.Build.0 = Release|ARM
		{E93D5092-5501-4215-9F75-35042D7C3E6E}.AppStore|ARM.Deploy.0 = Release|ARM
		{E93D5092-5501-4215-9F75-35042D7C3E6E}.AppStore|iPhone.ActiveCfg = Release|x86
		{E93D5092-5501-4215-9F75-35042D7C3E6E}.AppStore|iPhone.Build.0 = Release|x86
		{E93D5092-5501-4215-9F75-35042D7C3E6E}.AppStore|iPhone.Deploy.0 = Release|x86
		{E93D5092-5501-4215-9F75-35042D7C3E6E}.AppStore|iPhoneSimulator.ActiveCfg = Release|x86
		{E93D5092-5501-4215-9F75-35042D7C3E6E}.AppStore|iPhoneSimulator.Build.0 = Release|x86
		{E93D5092-5501-4215-9F75-35042D7C3E6E}.AppStore|iPhoneSimulator.Deploy.0 = Release|x86
		{E93D5092-5501-4215-9F75-35042D7C3E6E}.AppStore|x64.ActiveCfg = Release|x64
		{E93D5092-5501-4215-9F75-35042D7C3E6E}.AppStore|x64.Build.0 = Release|x64
		{E93D5092-5501-4215-9F75-35042D7C3E6E}.AppStore|x64.Deploy.0 = Release|x64
		{E93D5092-5501-4215-9F75-35042D7C3E6E}.AppStore|x86.ActiveCfg = Release|x86
		{E93D5092-5501-4215-9F75-35042D7C3E6E}.AppStore|x86.Build.0 = Release|x86
		{E93D5092-5501-4215-9F75-35042D7C3E6E}.AppStore|x86.Deploy.0 = Release|x86
		{E93D5092-5501-4215-9F75-35042D7C3E6E}.Debug|Any CPU.ActiveCfg = Debug|x86
		{E93D5092-5501-4215-9F75-35042D7C3E6E}.Debug|ARM.ActiveCfg = Debug|ARM
		{E93D5092-5501-4215-9F75-35042D7C3E6E}.Debug|ARM.Build.0 = Debug|ARM
		{E93D5092-5501-4215-9F75-35042D7C3E6E}.Debug|ARM.Deploy.0 = Debug|ARM
		{E93D5092-5501-4215-9F75-35042D7C3E6E}.Debug|iPhone.ActiveCfg = Debug|x86
		{E93D5092-5501-4215-9F75-35042D7C3E6E}.Debug|iPhoneSimulator.ActiveCfg = Debug|x86
		{E93D5092-5501-4215-9F75-35042D7C3E6E}.Debug|x64.ActiveCfg = Debug|x64
		{E93D5092-5501-4215-9F75-35042D7C3E6E}.Debug|x64.Build.0 = Debug|x64
		{E93D5092-5501-4215-9F75-35042D7C3E6E}.Debug|x64.Deploy.0 = Debug|x64
		{E93D5092-5501-4215-9F75-35042D7C3E6E}.Debug|x86.ActiveCfg = Debug|x86
		{E93D5092-5501-4215-9F75-35042D7C3E6E}.Debug|x86.Build.0 = Debug|x86
		{E93D5092-5501-4215-9F75-35042D7C3E6E}.Debug|x86.Deploy.0 = Debug|x86
		{E93D5092-5501-4215-9F75-35042D7C3E6E}.Release|Any CPU.ActiveCfg = Release|x86
		{E93D5092-5501-4215-9F75-35042D7C3E6E}.Release|ARM.ActiveCfg = Release|ARM
		{E93D5092-5501-4215-9F75-35042D7C3E6E}.Release|ARM.Build.0 = Release|ARM
		{E93D5092-5501-4215-9F75-35042D7C3E6E}.Release|ARM.Deploy.0 = Release|ARM
		{E93D5092-5501-4215-9F75-35042D7C3E6E}.Release|iPhone.ActiveCfg = Release|x86
		{E93D5092-5501-4215-9F75-35042D7C3E6E}.Release|iPhoneSimulator.ActiveCfg = Release|x86
		{E93D5092-5501-4215-9F75-35042D7C3E6E}.Release|x64.ActiveCfg = Release|x64
		{E93D5092-5501-4215-9F75-35042D7C3E6E}.Release|x64.Build.0 = Release|x64
		{E93D5092-5501-4215-9F75-35042D7C3E6E}.Release|x64.Deploy.0 = Release|x64
		{E93D5092-5501-4215-9F75-35042D7C3E6E}.Release|x86.ActiveCfg = Release|x86
		{E93D5092-5501-4215-9F75-35042D7C3E6E}.Release|x86.Build.0 = Release|x86
		{E93D5092-5501-4215-9F75-35042D7C3E6E}.Release|x86.Deploy.0 = Release|x86
		{D053DB74-CE39-472C-9F9D-6B8EB06B0939}.Ad-Hoc|Any CPU.ActiveCfg = Debug|Any CPU
		{D053DB74-CE39-472C-9F9D-6B8EB06B0939}.Ad-Hoc|Any CPU.Build.0 = Debug|Any CPU
		{D053DB74-CE39-472C-9F9D-6B8EB06B0939}.Ad-Hoc|ARM.ActiveCfg = Debug|Any CPU
		{D053DB74-CE39-472C-9F9D-6B8EB06B0939}.Ad-Hoc|ARM.Build.0 = Debug|Any CPU
		{D053DB74-CE39-472C-9F9D-6B8EB06B0939}.Ad-Hoc|iPhone.ActiveCfg = Debug|Any CPU
		{D053DB74-CE39-472C-9F9D-6B8EB06B0939}.Ad-Hoc|iPhone.Build.0 = Debug|Any CPU
		{D053DB74-CE39-472C-9F9D-6B8EB06B0939}.Ad-Hoc|iPhoneSimulator.ActiveCfg = Debug|Any CPU
		{D053DB74-CE39-472C-9F9D-6B8EB06B0939}.Ad-Hoc|iPhoneSimulator.Build.0 = Debug|Any CPU
		{D053DB74-CE39-472C-9F9D-6B8EB06B0939}.Ad-Hoc|x64.ActiveCfg = Debug|Any CPU
		{D053DB74-CE39-472C-9F9D-6B8EB06B0939}.Ad-Hoc|x64.Build.0 = Debug|Any CPU
		{D053DB74-CE39-472C-9F9D-6B8EB06B0939}.Ad-Hoc|x86.ActiveCfg = Debug|Any CPU
		{D053DB74-CE39-472C-9F9D-6B8EB06B0939}.Ad-Hoc|x86.Build.0 = Debug|Any CPU
		{D053DB74-CE39-472C-9F9D-6B8EB06B0939}.AppStore|Any CPU.ActiveCfg = Debug|Any CPU
		{D053DB74-CE39-472C-9F9D-6B8EB06B0939}.AppStore|Any CPU.Build.0 = Debug|Any CPU
		{D053DB74-CE39-472C-9F9D-6B8EB06B0939}.AppStore|ARM.ActiveCfg = Debug|Any CPU
		{D053DB74-CE39-472C-9F9D-6B8EB06B0939}.AppStore|ARM.Build.0 = Debug|Any CPU
		{D053DB74-CE39-472C-9F9D-6B8EB06B0939}.AppStore|iPhone.ActiveCfg = Debug|Any CPU
		{D053DB74-CE39-472C-9F9D-6B8EB06B0939}.AppStore|iPhone.Build.0 = Debug|Any CPU
		{D053DB74-CE39-472C-9F9D-6B8EB06B0939}.AppStore|iPhoneSimulator.ActiveCfg = Debug|Any CPU
		{D053DB74-CE39-472C-9F9D-6B8EB06B0939}.AppStore|iPhoneSimulator.Build.0 = Debug|Any CPU
		{D053DB74-CE39-472C-9F9D-6B8EB06B0939}.AppStore|x64.ActiveCfg = Debug|Any CPU
		{D053DB74-CE39-472C-9F9D-6B8EB06B0939}.AppStore|x64.Build.0 = Debug|Any CPU
		{D053DB74-CE39-472C-9F9D-6B8EB06B0939}.AppStore|x86.ActiveCfg = Debug|Any CPU
		{D053DB74-CE39-472C-9F9D-6B8EB06B0939}.AppStore|x86.Build.0 = Debug|Any CPU
		{D053DB74-CE39-472C-9F9D-6B8EB06B0939}.Debug|Any CPU.ActiveCfg = Debug|Any CPU
		{D053DB74-CE39-472C-9F9D-6B8EB06B0939}.Debug|Any CPU.Build.0 = Debug|Any CPU
		{D053DB74-CE39-472C-9F9D-6B8EB06B0939}.Debug|ARM.ActiveCfg = Debug|Any CPU
		{D053DB74-CE39-472C-9F9D-6B8EB06B0939}.Debug|ARM.Build.0 = Debug|Any CPU
		{D053DB74-CE39-472C-9F9D-6B8EB06B0939}.Debug|iPhone.ActiveCfg = Debug|Any CPU
		{D053DB74-CE39-472C-9F9D-6B8EB06B0939}.Debug|iPhone.Build.0 = Debug|Any CPU
		{D053DB74-CE39-472C-9F9D-6B8EB06B0939}.Debug|iPhoneSimulator.ActiveCfg = Debug|Any CPU
		{D053DB74-CE39-472C-9F9D-6B8EB06B0939}.Debug|iPhoneSimulator.Build.0 = Debug|Any CPU
		{D053DB74-CE39-472C-9F9D-6B8EB06B0939}.Debug|x64.ActiveCfg = Debug|Any CPU
		{D053DB74-CE39-472C-9F9D-6B8EB06B0939}.Debug|x64.Build.0 = Debug|Any CPU
		{D053DB74-CE39-472C-9F9D-6B8EB06B0939}.Debug|x86.ActiveCfg = Debug|Any CPU
		{D053DB74-CE39-472C-9F9D-6B8EB06B0939}.Debug|x86.Build.0 = Debug|Any CPU
		{D053DB74-CE39-472C-9F9D-6B8EB06B0939}.Release|Any CPU.ActiveCfg = Release|Any CPU
		{D053DB74-CE39-472C-9F9D-6B8EB06B0939}.Release|Any CPU.Build.0 = Release|Any CPU
		{D053DB74-CE39-472C-9F9D-6B8EB06B0939}.Release|ARM.ActiveCfg = Release|Any CPU
		{D053DB74-CE39-472C-9F9D-6B8EB06B0939}.Release|ARM.Build.0 = Release|Any CPU
		{D053DB74-CE39-472C-9F9D-6B8EB06B0939}.Release|iPhone.ActiveCfg = Release|Any CPU
		{D053DB74-CE39-472C-9F9D-6B8EB06B0939}.Release|iPhone.Build.0 = Release|Any CPU
		{D053DB74-CE39-472C-9F9D-6B8EB06B0939}.Release|iPhoneSimulator.ActiveCfg = Release|Any CPU
		{D053DB74-CE39-472C-9F9D-6B8EB06B0939}.Release|iPhoneSimulator.Build.0 = Release|Any CPU
		{D053DB74-CE39-472C-9F9D-6B8EB06B0939}.Release|x64.ActiveCfg = Release|Any CPU
		{D053DB74-CE39-472C-9F9D-6B8EB06B0939}.Release|x64.Build.0 = Release|Any CPU
		{D053DB74-CE39-472C-9F9D-6B8EB06B0939}.Release|x86.ActiveCfg = Release|Any CPU
		{D053DB74-CE39-472C-9F9D-6B8EB06B0939}.Release|x86.Build.0 = Release|Any CPU
	EndGlobalSection
	GlobalSection(SolutionProperties) = preSolution
		HideSolutionNode = FALSE
	EndGlobalSection
	GlobalSection(ExtensibilityGlobals) = postSolution
		SolutionGuid = {8543C8F0-687B-4D00-AB16-EFA0E675D697}
	EndGlobalSection
EndGlobal
